
Microsoft Visual Studio Solution File, Format Version 12.00
# Visual Studio Version 17
VisualStudioVersion = 17.7.34024.191
MinimumVisualStudioVersion = 10.0.40219.1
Project("{FAE04EC0-301F-11D3-BF4B-00C04F79EFBC}") = "TodoApp", "TodoApp\TodoApp.csproj", "{A0B7E329-0DD4-43AA-A7B1-AA1E34114161}"
EndProject
Project("{FAE04EC0-301F-11D3-BF4B-00C04F79EFBC}") = "BusinessObject", "BusinessObject\BusinessObject.csproj", "{1BC5BE7B-48DF-4F6C-8AD3-6966638B6A95}"
EndProject
Project("{FAE04EC0-301F-11D3-BF4B-00C04F79EFBC}") = "DataAccess", "DataAccess\DataAccess.csproj", "{BD3E0D56-C947-4446-A735-B15A22057AEC}"
EndProject
Global
	GlobalSection(SolutionConfigurationPlatforms) = preSolution
		Debug|Any CPU = Debug|Any CPU
		Release|Any CPU = Release|Any CPU
	EndGlobalSection
	GlobalSection(ProjectConfigurationPlatforms) = postSolution
		{A0B7E329-0DD4-43AA-A7B1-AA1E34114161}.Debug|Any CPU.ActiveCfg = Debug|Any CPU
		{A0B7E329-0DD4-43AA-A7B1-AA1E34114161}.Debug|Any CPU.Build.0 = Debug|Any CPU
		{A0B7E329-0DD4-43AA-A7B1-AA1E34114161}.Release|Any CPU.ActiveCfg = Release|Any CPU
		{A0B7E329-0DD4-43AA-A7B1-AA1E34114161}.Release|Any CPU.Build.0 = Release|Any CPU
		{1BC5BE7B-48DF-4F6C-8AD3-6966638B6A95}.Debug|Any CPU.ActiveCfg = Debug|Any CPU
		{1BC5BE7B-48DF-4F6C-8AD3-6966638B6A95}.Debug|Any CPU.Build.0 = Debug|Any CPU
		{1BC5BE7B-48DF-4F6C-8AD3-6966638B6A95}.Release|Any CPU.ActiveCfg = Release|Any CPU
		{1BC5BE7B-48DF-4F6C-8AD3-6966638B6A95}.Release|Any CPU.Build.0 = Release|Any CPU
		{BD3E0D56-C947-4446-A735-B15A22057AEC}.Debug|Any CPU.ActiveCfg = Debug|Any CPU
		{BD3E0D56-C947-4446-A735-B15A22057AEC}.Debug|Any CPU.Build.0 = Debug|Any CPU
		{BD3E0D56-C947-4446-A735-B15A22057AEC}.Release|Any CPU.ActiveCfg = Release|Any CPU
		{BD3E0D56-C947-4446-A735-B15A22057AEC}.Release|Any CPU.Build.0 = Release|Any CPU
	EndGlobalSection
	GlobalSection(SolutionProperties) = preSolution
		HideSolutionNode = FALSE
	EndGlobalSection
	GlobalSection(ExtensibilityGlobals) = postSolution
		SolutionGuid = {E911BFFB-62CD-48BC-B4D0-41573F712F0F}
	EndGlobalSection
EndGlobal
